
Microsoft Visual Studio Solution File, Format Version 12.00
# Visual Studio 2012
Project("{E24C65DC-7377-472B-9ABA-BC803B73C61A}") = "LD5_18_Krepsinis", ".", "{6113B7C9-B70E-4F9D-8D01-7AC22F85132B}"
	ProjectSection(WebsiteProperties) = preProject
		TargetFrameworkMoniker = ".NETFramework,Version%3Dv4.5"
		Debug.AspNetCompiler.VirtualPath = "/LD5_18_Krepsinis"
		Debug.AspNetCompiler.PhysicalPath = "..\LD5_18_Krepsinis\"
		Debug.AspNetCompiler.TargetPath = "PrecompiledWeb\LD5_18_Krepsinis\"
		Debug.AspNetCompiler.Updateable = "true"
		Debug.AspNetCompiler.ForceOverwrite = "true"
		Debug.AspNetCompiler.FixedNames = "false"
		Debug.AspNetCompiler.Debug = "True"
		Release.AspNetCompiler.VirtualPath = "/LD5_18_Krepsinis"
		Release.AspNetCompiler.PhysicalPath = "..\LD5_18_Krepsinis\"
		Release.AspNetCompiler.TargetPath = "PrecompiledWeb\LD5_18_Krepsinis\"
		Release.AspNetCompiler.Updateable = "true"
		Release.AspNetCompiler.ForceOverwrite = "true"
		Release.AspNetCompiler.FixedNames = "false"
		Release.AspNetCompiler.Debug = "False"
		VWDPort = "49471"
	EndProjectSection
EndProject
Global
	GlobalSection(SolutionConfigurationPlatforms) = preSolution
		Debug|Any CPU = Debug|Any CPU
	EndGlobalSection
	GlobalSection(ProjectConfigurationPlatforms) = postSolution
		{6113B7C9-B70E-4F9D-8D01-7AC22F85132B}.Debug|Any CPU.ActiveCfg = Debug|Any CPU
		{6113B7C9-B70E-4F9D-8D01-7AC22F85132B}.Debug|Any CPU.Build.0 = Debug|Any CPU
	EndGlobalSection
	GlobalSection(SolutionProperties) = preSolution
		HideSolutionNode = FALSE
	EndGlobalSection
EndGlobal
