
Microsoft Visual Studio Solution File, Format Version 12.00
# Visual Studio 14
VisualStudioVersion = 14.0.25420.1
MinimumVisualStudioVersion = 10.0.40219.1
Project("{E24C65DC-7377-472B-9ABA-BC803B73C61A}") = "LD4_18_Krepsinis", ".", "{D842146E-C426-4E4C-8A54-61CBA26E9966}"
	ProjectSection(WebsiteProperties) = preProject
		TargetFrameworkMoniker = ".NETFramework,Version%3Dv4.5"
		Debug.AspNetCompiler.VirtualPath = "/localhost_61326"
		Debug.AspNetCompiler.PhysicalPath = "..\LD4_18_Krepsinis\"
		Debug.AspNetCompiler.TargetPath = "PrecompiledWeb\localhost_61326\"
		Debug.AspNetCompiler.Updateable = "true"
		Debug.AspNetCompiler.ForceOverwrite = "true"
		Debug.AspNetCompiler.FixedNames = "false"
		Debug.AspNetCompiler.Debug = "True"
		Release.AspNetCompiler.VirtualPath = "/localhost_61326"
		Release.AspNetCompiler.PhysicalPath = "..\LD4_18_Krepsinis\"
		Release.AspNetCompiler.TargetPath = "PrecompiledWeb\localhost_61326\"
		Release.AspNetCompiler.Updateable = "true"
		Release.AspNetCompiler.ForceOverwrite = "true"
		Release.AspNetCompiler.FixedNames = "false"
		Release.AspNetCompiler.Debug = "False"
		VWDPort = "61326"
		SlnRelativePath = "..\LD4_18_Krepsinis\"
	EndProjectSection
EndProject
Global
	GlobalSection(SolutionConfigurationPlatforms) = preSolution
		Debug|Any CPU = Debug|Any CPU
	EndGlobalSection
	GlobalSection(ProjectConfigurationPlatforms) = postSolution
		{D842146E-C426-4E4C-8A54-61CBA26E9966}.Debug|Any CPU.ActiveCfg = Debug|Any CPU
		{D842146E-C426-4E4C-8A54-61CBA26E9966}.Debug|Any CPU.Build.0 = Debug|Any CPU
	EndGlobalSection
	GlobalSection(SolutionProperties) = preSolution
		HideSolutionNode = FALSE
	EndGlobalSection
EndGlobal
